
Microsoft Visual Studio Solution File, Format Version 12.00
# Visual Studio Version 16
VisualStudioVersion = 16.0.30204.135
MinimumVisualStudioVersion = 10.0.40219.1
Project("{9A19103F-16F7-4668-BE54-9A1E7A4F7556}") = "DataLayer", "DataLayer\DataLayer.csproj", "{52FAEE3F-DECD-4B71-8FB0-AE40F7FC728B}"
EndProject
Project("{9A19103F-16F7-4668-BE54-9A1E7A4F7556}") = "DataAccessLayer", "DataAccessLayer\DataAccessLayer.csproj", "{C24FC2F1-B83C-4190-92EF-5767761C2ACD}"
EndProject
Project("{9A19103F-16F7-4668-BE54-9A1E7A4F7556}") = "ConsoleApp1", "ConsoleApp1\ConsoleApp1.csproj", "{F8D38C70-110C-48DC-A895-D5520E827D2C}"
EndProject
Project("{FAE04EC0-301F-11D3-BF4B-00C04F79EFBC}") = "BusinessLayer", "BusinessLayer\BusinessLayer.csproj", "{DE8C36D2-75DF-49D4-979B-99EE36C2EF83}"
EndProject
Global
	GlobalSection(SolutionConfigurationPlatforms) = preSolution
		Debug|Any CPU = Debug|Any CPU
		Release|Any CPU = Release|Any CPU
	EndGlobalSection
	GlobalSection(ProjectConfigurationPlatforms) = postSolution
		{52FAEE3F-DECD-4B71-8FB0-AE40F7FC728B}.Debug|Any CPU.ActiveCfg = Debug|Any CPU
		{52FAEE3F-DECD-4B71-8FB0-AE40F7FC728B}.Debug|Any CPU.Build.0 = Debug|Any CPU
		{52FAEE3F-DECD-4B71-8FB0-AE40F7FC728B}.Release|Any CPU.ActiveCfg = Release|Any CPU
		{52FAEE3F-DECD-4B71-8FB0-AE40F7FC728B}.Release|Any CPU.Build.0 = Release|Any CPU
		{C24FC2F1-B83C-4190-92EF-5767761C2ACD}.Debug|Any CPU.ActiveCfg = Debug|Any CPU
		{C24FC2F1-B83C-4190-92EF-5767761C2ACD}.Debug|Any CPU.Build.0 = Debug|Any CPU
		{C24FC2F1-B83C-4190-92EF-5767761C2ACD}.Release|Any CPU.ActiveCfg = Release|Any CPU
		{C24FC2F1-B83C-4190-92EF-5767761C2ACD}.Release|Any CPU.Build.0 = Release|Any CPU
		{F8D38C70-110C-48DC-A895-D5520E827D2C}.Debug|Any CPU.ActiveCfg = Debug|Any CPU
		{F8D38C70-110C-48DC-A895-D5520E827D2C}.Debug|Any CPU.Build.0 = Debug|Any CPU
		{F8D38C70-110C-48DC-A895-D5520E827D2C}.Release|Any CPU.ActiveCfg = Release|Any CPU
		{F8D38C70-110C-48DC-A895-D5520E827D2C}.Release|Any CPU.Build.0 = Release|Any CPU
		{DE8C36D2-75DF-49D4-979B-99EE36C2EF83}.Debug|Any CPU.ActiveCfg = Debug|Any CPU
		{DE8C36D2-75DF-49D4-979B-99EE36C2EF83}.Debug|Any CPU.Build.0 = Debug|Any CPU
		{DE8C36D2-75DF-49D4-979B-99EE36C2EF83}.Release|Any CPU.ActiveCfg = Release|Any CPU
		{DE8C36D2-75DF-49D4-979B-99EE36C2EF83}.Release|Any CPU.Build.0 = Release|Any CPU
	EndGlobalSection
	GlobalSection(SolutionProperties) = preSolution
		HideSolutionNode = FALSE
	EndGlobalSection
	GlobalSection(ExtensibilityGlobals) = postSolution
		SolutionGuid = {7ECA99F1-B575-454F-B44C-6037F595AB4C}
	EndGlobalSection
EndGlobal
